
Microsoft Visual Studio Solution File, Format Version 12.00
# Visual Studio Version 16
VisualStudioVersion = 16.0.33529.622
MinimumVisualStudioVersion = 10.0.40219.1
Project("{FAE04EC0-301F-11D3-BF4B-00C04F79EFBC}") = "pz_01", "pz_01\pz_01.csproj", "{4BA22BAD-315A-4C89-9C63-0FE1D9E538D0}"
EndProject
Project("{FAE04EC0-301F-11D3-BF4B-00C04F79EFBC}") = "pz_02", "pz_02\pz_02.csproj", "{72ABF55A-764A-4910-B59E-929396613650}"
EndProject
Project("{FAE04EC0-301F-11D3-BF4B-00C04F79EFBC}") = "pz_03", "pz_03\pz_03.csproj", "{236EE754-E1DC-4EF8-A84B-24BE805BA83E}"
EndProject
Project("{FAE04EC0-301F-11D3-BF4B-00C04F79EFBC}") = "pz_03_01", "pz_03_01\pz_03_01.csproj", "{21CAABEA-9500-4440-9004-18D2E09EB365}"
EndProject
Project("{FAE04EC0-301F-11D3-BF4B-00C04F79EFBC}") = "pz_04", "pz_04\pz_04.csproj", "{E181F4CF-AF6D-4F98-8194-33F577DA91E6}"
EndProject
Project("{FAE04EC0-301F-11D3-BF4B-00C04F79EFBC}") = "pz_05", "pz_05\pz_05.csproj", "{B6619781-5CDC-4802-A382-798B3995F683}"
EndProject
Project("{FAE04EC0-301F-11D3-BF4B-00C04F79EFBC}") = "pz_06", "pz_06\pz_06.csproj", "{EDDBB271-C7B5-44F5-B8B5-BA4CF8B7DA59}"
EndProject
Global
	GlobalSection(SolutionConfigurationPlatforms) = preSolution
		Debug|Any CPU = Debug|Any CPU
		Release|Any CPU = Release|Any CPU
	EndGlobalSection
	GlobalSection(ProjectConfigurationPlatforms) = postSolution
		{4BA22BAD-315A-4C89-9C63-0FE1D9E538D0}.Debug|Any CPU.ActiveCfg = Debug|Any CPU
		{4BA22BAD-315A-4C89-9C63-0FE1D9E538D0}.Debug|Any CPU.Build.0 = Debug|Any CPU
		{4BA22BAD-315A-4C89-9C63-0FE1D9E538D0}.Release|Any CPU.ActiveCfg = Release|Any CPU
		{4BA22BAD-315A-4C89-9C63-0FE1D9E538D0}.Release|Any CPU.Build.0 = Release|Any CPU
		{72ABF55A-764A-4910-B59E-929396613650}.Debug|Any CPU.ActiveCfg = Debug|Any CPU
		{72ABF55A-764A-4910-B59E-929396613650}.Debug|Any CPU.Build.0 = Debug|Any CPU
		{72ABF55A-764A-4910-B59E-929396613650}.Release|Any CPU.ActiveCfg = Release|Any CPU
		{72ABF55A-764A-4910-B59E-929396613650}.Release|Any CPU.Build.0 = Release|Any CPU
		{236EE754-E1DC-4EF8-A84B-24BE805BA83E}.Debug|Any CPU.ActiveCfg = Debug|Any CPU
		{236EE754-E1DC-4EF8-A84B-24BE805BA83E}.Debug|Any CPU.Build.0 = Debug|Any CPU
		{236EE754-E1DC-4EF8-A84B-24BE805BA83E}.Release|Any CPU.ActiveCfg = Release|Any CPU
		{236EE754-E1DC-4EF8-A84B-24BE805BA83E}.Release|Any CPU.Build.0 = Release|Any CPU
		{21CAABEA-9500-4440-9004-18D2E09EB365}.Debug|Any CPU.ActiveCfg = Debug|Any CPU
		{21CAABEA-9500-4440-9004-18D2E09EB365}.Debug|Any CPU.Build.0 = Debug|Any CPU
		{21CAABEA-9500-4440-9004-18D2E09EB365}.Release|Any CPU.ActiveCfg = Release|Any CPU
		{21CAABEA-9500-4440-9004-18D2E09EB365}.Release|Any CPU.Build.0 = Release|Any CPU
		{E181F4CF-AF6D-4F98-8194-33F577DA91E6}.Debug|Any CPU.ActiveCfg = Debug|Any CPU
		{E181F4CF-AF6D-4F98-8194-33F577DA91E6}.Debug|Any CPU.Build.0 = Debug|Any CPU
		{E181F4CF-AF6D-4F98-8194-33F577DA91E6}.Release|Any CPU.ActiveCfg = Release|Any CPU
		{E181F4CF-AF6D-4F98-8194-33F577DA91E6}.Release|Any CPU.Build.0 = Release|Any CPU
		{B6619781-5CDC-4802-A382-798B3995F683}.Debug|Any CPU.ActiveCfg = Debug|Any CPU
		{B6619781-5CDC-4802-A382-798B3995F683}.Debug|Any CPU.Build.0 = Debug|Any CPU
		{B6619781-5CDC-4802-A382-798B3995F683}.Release|Any CPU.ActiveCfg = Release|Any CPU
		{B6619781-5CDC-4802-A382-798B3995F683}.Release|Any CPU.Build.0 = Release|Any CPU
		{EDDBB271-C7B5-44F5-B8B5-BA4CF8B7DA59}.Debug|Any CPU.ActiveCfg = Debug|Any CPU
		{EDDBB271-C7B5-44F5-B8B5-BA4CF8B7DA59}.Debug|Any CPU.Build.0 = Debug|Any CPU
		{EDDBB271-C7B5-44F5-B8B5-BA4CF8B7DA59}.Release|Any CPU.ActiveCfg = Release|Any CPU
		{EDDBB271-C7B5-44F5-B8B5-BA4CF8B7DA59}.Release|Any CPU.Build.0 = Release|Any CPU
	EndGlobalSection
	GlobalSection(SolutionProperties) = preSolution
		HideSolutionNode = FALSE
	EndGlobalSection
	GlobalSection(ExtensibilityGlobals) = postSolution
		SolutionGuid = {FBA7E99E-270E-4D31-88EB-EFE5F6B3E455}
	EndGlobalSection
EndGlobal
